
Microsoft Visual Studio Solution File, Format Version 12.00
# Visual Studio 15
VisualStudioVersion = 15.0.26124.0
MinimumVisualStudioVersion = 15.0.26124.0
Project("{FAE04EC0-301F-11D3-BF4B-00C04F79EFBC}") = "AggregateSnapshotStore", "AggregateSnapshotStore\AggregateSnapshotStore.csproj", "{58198B99-4758-4280-A5DE-09994DDE9BFE}"
EndProject
Project("{FAE04EC0-301F-11D3-BF4B-00C04F79EFBC}") = "AggregateSnapshotStore.SqlServer", "AggregateSnapshotStore.SqlServer\AggregateSnapshotStore.SqlServer.csproj", "{2FF04A95-54B7-4291-AF27-89D23C69CD22}"
EndProject
Project("{FAE04EC0-301F-11D3-BF4B-00C04F79EFBC}") = "AggregateSnapshotStore.MySQL", "AggregateSnapshotStore.MySQL\AggregateSnapshotStore.MySQL.csproj", "{D14800EE-7A98-40B7-839F-E976A6E45315}"
EndProject
Project("{FAE04EC0-301F-11D3-BF4B-00C04F79EFBC}") = "AggregateSnapshotStore.MySQL.Tests", "AggregateSnapshotStore.MySQL.Tests\AggregateSnapshotStore.MySQL.Tests.csproj", "{1B2B9EC6-2B56-4C5A-AEDA-BCF0F25BB68C}"
EndProject
Project("{FAE04EC0-301F-11D3-BF4B-00C04F79EFBC}") = "AggregateSnapshotStore.SqlServer.Tests", "AggregateSnapshotStore.SqlServer.Tests\AggregateSnapshotStore.SqlServer.Tests.csproj", "{547DB373-4096-41D8-94FC-283F5D055676}"
EndProject
Project("{FAE04EC0-301F-11D3-BF4B-00C04F79EFBC}") = "AggregateSnapshotStore.Tests", "AggregateSnapshotStore.Tests\AggregateSnapshotStore.Tests.csproj", "{5580F95F-A497-4241-99DD-DB8ACC707839}"
EndProject
Project("{FAE04EC0-301F-11D3-BF4B-00C04F79EFBC}") = "AggregateSnapshotStore.Redis", "AggregateSnapshotStore.Redis\AggregateSnapshotStore.Redis.csproj", "{29E9DD49-359D-4008-AEC1-6B122DB9298E}"
EndProject
Project("{FAE04EC0-301F-11D3-BF4B-00C04F79EFBC}") = "AggregateSnapshotStore.Redis.Tests", "AggregateSnapshotStore.Redis.Tests\AggregateSnapshotStore.Redis.Tests.csproj", "{ABF2227B-3A53-47FF-8BB6-323248B3597B}"
EndProject
Global
	GlobalSection(SolutionConfigurationPlatforms) = preSolution
		Debug|Any CPU = Debug|Any CPU
		Debug|x64 = Debug|x64
		Debug|x86 = Debug|x86
		Release|Any CPU = Release|Any CPU
		Release|x64 = Release|x64
		Release|x86 = Release|x86
	EndGlobalSection
	GlobalSection(SolutionProperties) = preSolution
		HideSolutionNode = FALSE
	EndGlobalSection
	GlobalSection(ProjectConfigurationPlatforms) = postSolution
		{58198B99-4758-4280-A5DE-09994DDE9BFE}.Debug|Any CPU.ActiveCfg = Debug|Any CPU
		{58198B99-4758-4280-A5DE-09994DDE9BFE}.Debug|Any CPU.Build.0 = Debug|Any CPU
		{58198B99-4758-4280-A5DE-09994DDE9BFE}.Debug|x64.ActiveCfg = Debug|Any CPU
		{58198B99-4758-4280-A5DE-09994DDE9BFE}.Debug|x64.Build.0 = Debug|Any CPU
		{58198B99-4758-4280-A5DE-09994DDE9BFE}.Debug|x86.ActiveCfg = Debug|Any CPU
		{58198B99-4758-4280-A5DE-09994DDE9BFE}.Debug|x86.Build.0 = Debug|Any CPU
		{58198B99-4758-4280-A5DE-09994DDE9BFE}.Release|Any CPU.ActiveCfg = Release|Any CPU
		{58198B99-4758-4280-A5DE-09994DDE9BFE}.Release|Any CPU.Build.0 = Release|Any CPU
		{58198B99-4758-4280-A5DE-09994DDE9BFE}.Release|x64.ActiveCfg = Release|Any CPU
		{58198B99-4758-4280-A5DE-09994DDE9BFE}.Release|x64.Build.0 = Release|Any CPU
		{58198B99-4758-4280-A5DE-09994DDE9BFE}.Release|x86.ActiveCfg = Release|Any CPU
		{58198B99-4758-4280-A5DE-09994DDE9BFE}.Release|x86.Build.0 = Release|Any CPU
		{2FF04A95-54B7-4291-AF27-89D23C69CD22}.Debug|Any CPU.ActiveCfg = Debug|Any CPU
		{2FF04A95-54B7-4291-AF27-89D23C69CD22}.Debug|Any CPU.Build.0 = Debug|Any CPU
		{2FF04A95-54B7-4291-AF27-89D23C69CD22}.Debug|x64.ActiveCfg = Debug|Any CPU
		{2FF04A95-54B7-4291-AF27-89D23C69CD22}.Debug|x64.Build.0 = Debug|Any CPU
		{2FF04A95-54B7-4291-AF27-89D23C69CD22}.Debug|x86.ActiveCfg = Debug|Any CPU
		{2FF04A95-54B7-4291-AF27-89D23C69CD22}.Debug|x86.Build.0 = Debug|Any CPU
		{2FF04A95-54B7-4291-AF27-89D23C69CD22}.Release|Any CPU.ActiveCfg = Release|Any CPU
		{2FF04A95-54B7-4291-AF27-89D23C69CD22}.Release|Any CPU.Build.0 = Release|Any CPU
		{2FF04A95-54B7-4291-AF27-89D23C69CD22}.Release|x64.ActiveCfg = Release|Any CPU
		{2FF04A95-54B7-4291-AF27-89D23C69CD22}.Release|x64.Build.0 = Release|Any CPU
		{2FF04A95-54B7-4291-AF27-89D23C69CD22}.Release|x86.ActiveCfg = Release|Any CPU
		{2FF04A95-54B7-4291-AF27-89D23C69CD22}.Release|x86.Build.0 = Release|Any CPU
		{D14800EE-7A98-40B7-839F-E976A6E45315}.Debug|Any CPU.ActiveCfg = Debug|Any CPU
		{D14800EE-7A98-40B7-839F-E976A6E45315}.Debug|Any CPU.Build.0 = Debug|Any CPU
		{D14800EE-7A98-40B7-839F-E976A6E45315}.Debug|x64.ActiveCfg = Debug|Any CPU
		{D14800EE-7A98-40B7-839F-E976A6E45315}.Debug|x64.Build.0 = Debug|Any CPU
		{D14800EE-7A98-40B7-839F-E976A6E45315}.Debug|x86.ActiveCfg = Debug|Any CPU
		{D14800EE-7A98-40B7-839F-E976A6E45315}.Debug|x86.Build.0 = Debug|Any CPU
		{D14800EE-7A98-40B7-839F-E976A6E45315}.Release|Any CPU.ActiveCfg = Release|Any CPU
		{D14800EE-7A98-40B7-839F-E976A6E45315}.Release|Any CPU.Build.0 = Release|Any CPU
		{D14800EE-7A98-40B7-839F-E976A6E45315}.Release|x64.ActiveCfg = Release|Any CPU
		{D14800EE-7A98-40B7-839F-E976A6E45315}.Release|x64.Build.0 = Release|Any CPU
		{D14800EE-7A98-40B7-839F-E976A6E45315}.Release|x86.ActiveCfg = Release|Any CPU
		{D14800EE-7A98-40B7-839F-E976A6E45315}.Release|x86.Build.0 = Release|Any CPU
		{1B2B9EC6-2B56-4C5A-AEDA-BCF0F25BB68C}.Debug|Any CPU.ActiveCfg = Debug|Any CPU
		{1B2B9EC6-2B56-4C5A-AEDA-BCF0F25BB68C}.Debug|Any CPU.Build.0 = Debug|Any CPU
		{1B2B9EC6-2B56-4C5A-AEDA-BCF0F25BB68C}.Debug|x64.ActiveCfg = Debug|Any CPU
		{1B2B9EC6-2B56-4C5A-AEDA-BCF0F25BB68C}.Debug|x64.Build.0 = Debug|Any CPU
		{1B2B9EC6-2B56-4C5A-AEDA-BCF0F25BB68C}.Debug|x86.ActiveCfg = Debug|Any CPU
		{1B2B9EC6-2B56-4C5A-AEDA-BCF0F25BB68C}.Debug|x86.Build.0 = Debug|Any CPU
		{1B2B9EC6-2B56-4C5A-AEDA-BCF0F25BB68C}.Release|Any CPU.ActiveCfg = Release|Any CPU
		{1B2B9EC6-2B56-4C5A-AEDA-BCF0F25BB68C}.Release|Any CPU.Build.0 = Release|Any CPU
		{1B2B9EC6-2B56-4C5A-AEDA-BCF0F25BB68C}.Release|x64.ActiveCfg = Release|Any CPU
		{1B2B9EC6-2B56-4C5A-AEDA-BCF0F25BB68C}.Release|x64.Build.0 = Release|Any CPU
		{1B2B9EC6-2B56-4C5A-AEDA-BCF0F25BB68C}.Release|x86.ActiveCfg = Release|Any CPU
		{1B2B9EC6-2B56-4C5A-AEDA-BCF0F25BB68C}.Release|x86.Build.0 = Release|Any CPU
		{547DB373-4096-41D8-94FC-283F5D055676}.Debug|Any CPU.ActiveCfg = Debug|Any CPU
		{547DB373-4096-41D8-94FC-283F5D055676}.Debug|Any CPU.Build.0 = Debug|Any CPU
		{547DB373-4096-41D8-94FC-283F5D055676}.Debug|x64.ActiveCfg = Debug|Any CPU
		{547DB373-4096-41D8-94FC-283F5D055676}.Debug|x64.Build.0 = Debug|Any CPU
		{547DB373-4096-41D8-94FC-283F5D055676}.Debug|x86.ActiveCfg = Debug|Any CPU
		{547DB373-4096-41D8-94FC-283F5D055676}.Debug|x86.Build.0 = Debug|Any CPU
		{547DB373-4096-41D8-94FC-283F5D055676}.Release|Any CPU.ActiveCfg = Release|Any CPU
		{547DB373-4096-41D8-94FC-283F5D055676}.Release|Any CPU.Build.0 = Release|Any CPU
		{547DB373-4096-41D8-94FC-283F5D055676}.Release|x64.ActiveCfg = Release|Any CPU
		{547DB373-4096-41D8-94FC-283F5D055676}.Release|x64.Build.0 = Release|Any CPU
		{547DB373-4096-41D8-94FC-283F5D055676}.Release|x86.ActiveCfg = Release|Any CPU
		{547DB373-4096-41D8-94FC-283F5D055676}.Release|x86.Build.0 = Release|Any CPU
		{5580F95F-A497-4241-99DD-DB8ACC707839}.Debug|Any CPU.ActiveCfg = Debug|Any CPU
		{5580F95F-A497-4241-99DD-DB8ACC707839}.Debug|Any CPU.Build.0 = Debug|Any CPU
		{5580F95F-A497-4241-99DD-DB8ACC707839}.Debug|x64.ActiveCfg = Debug|Any CPU
		{5580F95F-A497-4241-99DD-DB8ACC707839}.Debug|x64.Build.0 = Debug|Any CPU
		{5580F95F-A497-4241-99DD-DB8ACC707839}.Debug|x86.ActiveCfg = Debug|Any CPU
		{5580F95F-A497-4241-99DD-DB8ACC707839}.Debug|x86.Build.0 = Debug|Any CPU
		{5580F95F-A497-4241-99DD-DB8ACC707839}.Release|Any CPU.ActiveCfg = Release|Any CPU
		{5580F95F-A497-4241-99DD-DB8ACC707839}.Release|Any CPU.Build.0 = Release|Any CPU
		{5580F95F-A497-4241-99DD-DB8ACC707839}.Release|x64.ActiveCfg = Release|Any CPU
		{5580F95F-A497-4241-99DD-DB8ACC707839}.Release|x64.Build.0 = Release|Any CPU
		{5580F95F-A497-4241-99DD-DB8ACC707839}.Release|x86.ActiveCfg = Release|Any CPU
		{5580F95F-A497-4241-99DD-DB8ACC707839}.Release|x86.Build.0 = Release|Any CPU
		{29E9DD49-359D-4008-AEC1-6B122DB9298E}.Debug|Any CPU.ActiveCfg = Debug|Any CPU
		{29E9DD49-359D-4008-AEC1-6B122DB9298E}.Debug|Any CPU.Build.0 = Debug|Any CPU
		{29E9DD49-359D-4008-AEC1-6B122DB9298E}.Debug|x64.ActiveCfg = Debug|Any CPU
		{29E9DD49-359D-4008-AEC1-6B122DB9298E}.Debug|x64.Build.0 = Debug|Any CPU
		{29E9DD49-359D-4008-AEC1-6B122DB9298E}.Debug|x86.ActiveCfg = Debug|Any CPU
		{29E9DD49-359D-4008-AEC1-6B122DB9298E}.Debug|x86.Build.0 = Debug|Any CPU
		{29E9DD49-359D-4008-AEC1-6B122DB9298E}.Release|Any CPU.ActiveCfg = Release|Any CPU
		{29E9DD49-359D-4008-AEC1-6B122DB9298E}.Release|Any CPU.Build.0 = Release|Any CPU
		{29E9DD49-359D-4008-AEC1-6B122DB9298E}.Release|x64.ActiveCfg = Release|Any CPU
		{29E9DD49-359D-4008-AEC1-6B122DB9298E}.Release|x64.Build.0 = Release|Any CPU
		{29E9DD49-359D-4008-AEC1-6B122DB9298E}.Release|x86.ActiveCfg = Release|Any CPU
		{29E9DD49-359D-4008-AEC1-6B122DB9298E}.Release|x86.Build.0 = Release|Any CPU
		{ABF2227B-3A53-47FF-8BB6-323248B3597B}.Debug|Any CPU.ActiveCfg = Debug|Any CPU
		{ABF2227B-3A53-47FF-8BB6-323248B3597B}.Debug|Any CPU.Build.0 = Debug|Any CPU
		{ABF2227B-3A53-47FF-8BB6-323248B3597B}.Debug|x64.ActiveCfg = Debug|Any CPU
		{ABF2227B-3A53-47FF-8BB6-323248B3597B}.Debug|x64.Build.0 = Debug|Any CPU
		{ABF2227B-3A53-47FF-8BB6-323248B3597B}.Debug|x86.ActiveCfg = Debug|Any CPU
		{ABF2227B-3A53-47FF-8BB6-323248B3597B}.Debug|x86.Build.0 = Debug|Any CPU
		{ABF2227B-3A53-47FF-8BB6-323248B3597B}.Release|Any CPU.ActiveCfg = Release|Any CPU
		{ABF2227B-3A53-47FF-8BB6-323248B3597B}.Release|Any CPU.Build.0 = Release|Any CPU
		{ABF2227B-3A53-47FF-8BB6-323248B3597B}.Release|x64.ActiveCfg = Release|Any CPU
		{ABF2227B-3A53-47FF-8BB6-323248B3597B}.Release|x64.Build.0 = Release|Any CPU
		{ABF2227B-3A53-47FF-8BB6-323248B3597B}.Release|x86.ActiveCfg = Release|Any CPU
		{ABF2227B-3A53-47FF-8BB6-323248B3597B}.Release|x86.Build.0 = Release|Any CPU
	EndGlobalSection
EndGlobal
